<?xml version="1.0" encoding="utf-8"?>
<Project ToolsVersion="4.0" xmlns="http://schemas.microsoft.com/developer/msbuild/2003">
  <ItemGroup>
    <Filter Include="Source Files">
      <UniqueIdentifier>{4FC737F1-C7A5-4376-A066-2A32D752A2FF}</UniqueIdentifier>
      <Extensions>cpp;c;cc;cxx;c++;cppm;ixx;def;odl;idl;hpj;bat;asm;asmx</Extensions>
    </Filter>
    <Filter Include="Header Files">
      <UniqueIdentifier>{93995380-89BD-4b04-88EB-625FBE52EBFB}</UniqueIdentifier>
      <Extensions>h;hh;hpp;hxx;h++;hm;inl;inc;ipp;xsd</Extensions>
    </Filter>
    <Filter Include="Resource Files">
      <UniqueIdentifier>{67DA6AB6-F800-4c08-8B7A-83BB121AAD01}</UniqueIdentifier>
      <Extensions>rc;ico;cur;bmp;dlg;rc2;rct;bin;rgs;gif;jpg;jpeg;jpe;resx;tiff;tif;png;wav;mfcribbon-ms</Extensions>
    </Filter>
  </ItemGroup>
  <ItemGroup>
    <ClInclude Include="dllmain.h">
      <Filter>Header Files</Filter>
    </ClInclude>
    <ClInclude Include="framework\hook.h">
      <Filter>Header Files</Filter>
    </ClInclude>
    <ClInclude Include="framework\hook_framework.h">
      <Filter>Header Files</Filter>
    </ClInclude>
    <ClInclude Include="framework\HookConfig.h">
      <Filter>Header Files</Filter>
    </ClInclude>
    <ClInclude Include="framework\hook_output.h">
      <Filter>Header Files</Filter>
    </ClInclude>
    <ClInclude Include="mc2hook\mc2hook_defs.h">
      <Filter>Header Files</Filter>
    </ClInclude>
    <ClInclude Include="mc2hook\mc2hook_util.h">
      <Filter>Header Files</Filter>
    </ClInclude>
    <ClInclude Include="mc2hook\mc2hook.h">
      <Filter>Header Files</Filter>
    </ClInclude>
    <ClInclude Include="thirdparty\inicpp.h">
      <Filter>Header Files</Filter>
    </ClInclude>
    <ClInclude Include="age\zipfile\zipfile.h">
      <Filter>Header Files</Filter>
    </ClInclude>
    <ClInclude Include="handlers\zipIintHandler.h">
      <Filter>Header Files</Filter>
    </ClInclude>
    <ClInclude Include="age\data\args.h">
      <Filter>Header Files</Filter>
    </ClInclude>
    <ClInclude Include="age\data\asset.h">
      <Filter>Header Files</Filter>
    </ClInclude>
    <ClInclude Include="handlers\handlers.h">
      <Filter>Header Files</Filter>
    </ClInclude>
    <ClInclude Include="handlers\CustomVehicleHandler.h">
      <Filter>Header Files</Filter>
    </ClInclude>
    <ClInclude Include="age\data\stack.h">
      <Filter>Header Files</Filter>
    </ClInclude>
    <ClInclude Include="age\core\output.h">
      <Filter>Header Files</Filter>
    </ClInclude>
    <ClInclude Include="handlers\CustomExceptionHandler.h">
      <Filter>Header Files</Filter>
    </ClInclude>
    <ClInclude Include="handlers\PrinterHandler.h">
      <Filter>Header Files</Filter>
    </ClInclude>
    <ClInclude Include="handlers\FontCrashFixHandler.h">
      <Filter>Header Files</Filter>
    </ClInclude>
    <ClInclude Include="age\memory\allocator.h">
      <Filter>Header Files</Filter>
    </ClInclude>
    <ClInclude Include="age\text\stringtable.h">
      <Filter>Header Files</Filter>
    </ClInclude>
    <ClInclude Include="age\text\hashtable.h">
      <Filter>Header Files</Filter>
    </ClInclude>
    <ClInclude Include="age\text\stringdata.h">
      <Filter>Header Files</Filter>
    </ClInclude>
    <ClInclude Include="age\string\string.h">
      <Filter>Header Files</Filter>
    </ClInclude>
    <ClInclude Include="age\string\unicode.h">
      <Filter>Header Files</Filter>
    </ClInclude>
    <ClInclude Include="handlers\RemoveForcedArgsHandler.h">
      <Filter>Header Files</Filter>
    </ClInclude>
    <ClInclude Include="age\memory\memory.h">
      <Filter>Header Files</Filter>
    </ClInclude>
    <ClInclude Include="age\memory\age_alloc_baseclass.h">
      <Filter>Header Files</Filter>
    </ClInclude>
    <ClInclude Include="handlers\SteeringSmootherHandler.h">
      <Filter>Header Files</Filter>
    </ClInclude>
    <ClInclude Include="age\data\timemgr.h">
      <Filter>Header Files</Filter>
    </ClInclude>
    <ClInclude Include="handlers\PathHandler.h">
      <Filter>Header Files</Filter>
    </ClInclude>
    <ClInclude Include="handlers\zipEnumHandler.h">
      <Filter>Header Files</Filter>
    </ClInclude>
    <ClInclude Include="age\ui\widget.h">
      <Filter>Header Files</Filter>
    </ClInclude>
    <ClInclude Include="age\data\refcount.h">
      <Filter>Header Files</Filter>
    </ClInclude>
    <ClInclude Include="age\ui\visual.h">
      <Filter>Header Files</Filter>
    </ClInclude>
    <ClInclude Include="mcgame\ui\asyncio.h">
      <Filter>Header Files</Filter>
    </ClInclude>
    <ClInclude Include="mcgame\ui\carstats.h">
      <Filter>Header Files</Filter>
    </ClInclude>
    <ClInclude Include="age\input\keyboard.h">
      <Filter>Header Files</Filter>
    </ClInclude>
    <ClInclude Include="handlers\TestPanelHandler.h">
      <Filter>Header Files</Filter>
    </ClInclude>
    <ClInclude Include="handlers\InputHandler.h">
      <Filter>Header Files</Filter>
    </ClInclude>
    <ClInclude Include="age\text\language.h">
      <Filter>Header Files</Filter>
    </ClInclude>
    <ClInclude Include="age\text\fonttexture.h">
      <Filter>Header Files</Filter>
    </ClInclude>
    <ClInclude Include="handlers\InitHandler.h">
      <Filter>Header Files</Filter>
    </ClInclude>
    <ClInclude Include="handlers\OpenSpyHandler.h">
      <Filter>Header Files</Filter>
    </ClInclude>
    <ClInclude Include="mcgame\ui\vehicle3d.h">
      <Filter>Header Files</Filter>
    </ClInclude>
    <ClInclude Include="mcgame\ui\iconbase.h">
      <Filter>Header Files</Filter>
    </ClInclude>
    <ClInclude Include="age\data\parse.h">
      <Filter>Header Files</Filter>
    </ClInclude>
    <ClInclude Include="age\vector\vector3.h">
      <Filter>Header Files</Filter>
    </ClInclude>
    <ClInclude Include="age\vector\vector2.h">
      <Filter>Header Files</Filter>
    </ClInclude>
    <ClInclude Include="age\vector\vector4.h">
      <Filter>Header Files</Filter>
    </ClInclude>
    <ClInclude Include="mcgame\ui\mainmenu.h">
      <Filter>Header Files</Filter>
    </ClInclude>
    <ClInclude Include="age\ui\group.h">
      <Filter>Header Files</Filter>
    </ClInclude>
    <ClInclude Include="mcgame\ui\group.h">
      <Filter>Header Files</Filter>
    </ClInclude>
    <ClInclude Include="mcgame\ui\pausemenu.h">
      <Filter>Header Files</Filter>
    </ClInclude>
    <ClInclude Include="handlers\vehTransmisisonHandler.h">
      <Filter>Header Files</Filter>
    </ClInclude>
    <ClInclude Include="age\input\input.h">
      <Filter>Header Files</Filter>
    </ClInclude>
    <ClInclude Include="handlers\BorderlessHandler.h">
      <Filter>Header Files</Filter>
    </ClInclude>
    <ClInclude Include="handlers\ChatHandler.h">
      <Filter>Header Files</Filter>
    </ClInclude>
    <ClInclude Include="handlers\StateResearchHook.h">
      <Filter>Header Files</Filter>
    </ClInclude>
    <ClInclude Include="age\core\file.h">
      <Filter>Header Files</Filter>
    </ClInclude>
    <ClInclude Include="handlers\HybridFileMethodsHandler.h">
      <Filter>Header Files</Filter>
    </ClInclude>
    <ClInclude Include="age\vector\matrix34.h">
      <Filter>Header Files</Filter>
    </ClInclude>
    <ClInclude Include="age\vector\matrix44.h">
      <Filter>Header Files</Filter>
    </ClInclude>
    <ClInclude Include="age\input\mouse.h">
      <Filter>Header Files</Filter>
    </ClInclude>
    <ClInclude Include="age\gfx\rstate.h">
      <Filter>Header Files</Filter>
    </ClInclude>
    <ClInclude Include="age\ui\flowctrl.h">
      <Filter>Header Files</Filter>
    </ClInclude>
    <ClInclude Include="handlers\ReflectionFidelityHandler.h">
      <Filter>Header Files</Filter>
    </ClInclude>
  </ItemGroup>
  <ItemGroup>
    <ClCompile Include="dllmain.cpp">
      <Filter>Source Files</Filter>
    </ClCompile>
    <ClCompile Include="framework\HookConfig.cpp">
      <Filter>Source Files</Filter>
    </ClCompile>
    <ClCompile Include="framework\hook_output.cpp">
      <Filter>Source Files</Filter>
    </ClCompile>
    <ClCompile Include="framework\hook.cpp">
      <Filter>Source Files</Filter>
    </ClCompile>
    <ClCompile Include="age\zipfile\zipfile.cpp">
      <Filter>Source Files</Filter>
    </ClCompile>
    <ClCompile Include="handlers\zipInitHandler.cpp">
      <Filter>Source Files</Filter>
    </ClCompile>
    <ClCompile Include="age\data\asset.cpp">
      <Filter>Source Files</Filter>
    </ClCompile>
    <ClCompile Include="handlers\CustomVehicleHandler.cpp">
      <Filter>Source Files</Filter>
    </ClCompile>
    <ClCompile Include="age\data\stack.cpp">
      <Filter>Source Files</Filter>
    </ClCompile>
    <ClCompile Include="age\core\output.cpp">
      <Filter>Source Files</Filter>
    </ClCompile>
    <ClCompile Include="handlers\CustomExceptionHandler.cpp">
      <Filter>Source Files</Filter>
    </ClCompile>
    <ClCompile Include="handlers\PrinterHandler.cpp">
      <Filter>Source Files</Filter>
    </ClCompile>
    <ClCompile Include="handlers\FontCrashFixHandler.cpp">
      <Filter>Source Files</Filter>
    </ClCompile>
    <ClCompile Include="handlers\RemoveForcedArgsHandler.cpp">
      <Filter>Source Files</Filter>
    </ClCompile>
    <ClCompile Include="age\memory\allocator.cpp">
      <Filter>Source Files</Filter>
    </ClCompile>
    <ClCompile Include="age\memory\age_alloc_baseclass.cpp">
      <Filter>Source Files</Filter>
    </ClCompile>
    <ClCompile Include="handlers\SteeringSmootherHandler.cpp">
      <Filter>Source Files</Filter>
    </ClCompile>
    <ClCompile Include="age\data\timemgr.cpp">
      <Filter>Source Files</Filter>
    </ClCompile>
    <ClCompile Include="handlers\PathHandler.cpp">
      <Filter>Source Files</Filter>
    </ClCompile>
    <ClCompile Include="handlers\zipEnumHandler.cpp">
      <Filter>Source Files</Filter>
    </ClCompile>
    <ClCompile Include="mcgame\ui\asyncio.cpp">
      <Filter>Source Files</Filter>
    </ClCompile>
    <ClCompile Include="age\input\keyboard.cpp">
      <Filter>Source Files</Filter>
    </ClCompile>
    <ClCompile Include="handlers\TestPanelHandler.cpp">
      <Filter>Source Files</Filter>
    </ClCompile>
    <ClCompile Include="handlers\InputHandler.cpp">
      <Filter>Source Files</Filter>
    </ClCompile>
    <ClCompile Include="handlers\InitHandler.cpp">
      <Filter>Source Files</Filter>
    </ClCompile>
    <ClCompile Include="handlers\OpenSpyHandler.cpp">
      <Filter>Source Files</Filter>
    </ClCompile>
    <ClCompile Include="age\vector\vector.h">
      <Filter>Source Files</Filter>
    </ClCompile>
    <ClCompile Include="handlers\vehTransmisisonHandler.cpp">
      <Filter>Source Files</Filter>
    </ClCompile>
    <ClCompile Include="age\input\input.cpp">
      <Filter>Source Files</Filter>
    </ClCompile>
    <ClCompile Include="handlers\BorderlessHandler.cpp">
      <Filter>Source Files</Filter>
    </ClCompile>
    <ClCompile Include="handlers\ChatHandler.cpp">
      <Filter>Source Files</Filter>
    </ClCompile>
    <ClCompile Include="handlers\StateResearchHook.cpp">
      <Filter>Source Files</Filter>
    </ClCompile>
    <ClCompile Include="handlers\HybridFileMethodsHandler.cpp">
      <Filter>Source Files</Filter>
    </ClCompile>
    <ClCompile Include="age\vector\vector3.cpp">
      <Filter>Source Files</Filter>
    </ClCompile>
    <ClCompile Include="age\vector\matrix44.cpp">
      <Filter>Source Files</Filter>
    </ClCompile>
    <ClCompile Include="age\vector\matrix34.cpp">
      <Filter>Source Files</Filter>
    </ClCompile>
    <ClCompile Include="age\vector\vector4.cpp">
      <Filter>Source Files</Filter>
    </ClCompile>
    <ClCompile Include="age\input\mouse.cpp">
      <Filter>Source Files</Filter>
    </ClCompile>
    <ClCompile Include="age\gfx\rstate.cpp">
      <Filter>Source Files</Filter>
    </ClCompile>
    <ClCompile Include="handlers\ReflectionFidelityHandler.cpp">
      <Filter>Source Files</Filter>
    </ClCompile>
  </ItemGroup>
</Project>